
Microsoft Visual Studio Solution File, Format Version 12.00
# Visual Studio 14
VisualStudioVersion = 14.0.25123.0
MinimumVisualStudioVersion = 10.0.40219.1
Project("{FAE04EC0-301F-11D3-BF4B-00C04F79EFBC}") = "Reassignment", "Reassignment\Reassignment.csproj", "{46F6F46B-D61C-4CC7-BC0D-E8905E633C47}"
EndProject
Global
	GlobalSection(SolutionConfigurationPlatforms) = preSolution
		Debug|Any CPU = Debug|Any CPU
		Release|Any CPU = Release|Any CPU
	EndGlobalSection
	GlobalSection(ProjectConfigurationPlatforms) = postSolution
		{46F6F46B-D61C-4CC7-BC0D-E8905E633C47}.Debug|Any CPU.ActiveCfg = Debug|Any CPU
		{46F6F46B-D61C-4CC7-BC0D-E8905E633C47}.Debug|Any CPU.Build.0 = Debug|Any CPU
		{46F6F46B-D61C-4CC7-BC0D-E8905E633C47}.Release|Any CPU.ActiveCfg = Release|Any CPU
		{46F6F46B-D61C-4CC7-BC0D-E8905E633C47}.Release|Any CPU.Build.0 = Release|Any CPU
	EndGlobalSection
	GlobalSection(SolutionProperties) = preSolution
		HideSolutionNode = FALSE
	EndGlobalSection
EndGlobal
